# This file is generated by running "yarn install" inside your project.
# Manual changes might be lost - proceed with caution!

__metadata:
  version: 6
  cacheKey: 8

"@babel/runtime@npm:^7.17.8":
  version: 7.24.7
  resolution: "@babel/runtime@npm:7.24.7"
  dependencies:
    regenerator-runtime: ^0.14.0
  checksum: d17f29eed6f848ac15cdf4202a910b741facfb0419a9d79e5c7fa37df6362fc3227f1cc2e248cc6db5e53ddffb4caa6686c488e6e80ce3d29c36a4e74c8734ea
  languageName: node
  linkType: hard

"@types/debounce-promise@npm:^3.1.1":
  version: 3.1.9
  resolution: "@types/debounce-promise@npm:3.1.9"
  checksum: ea6c38c8d4b6006aea25fb9891281b0ea908aab7ae32755e85dfda1ae78331dab1884da7143aa4ca5166741884bc9f7665391072ddce800b5d2c1f44d4a11b9d
  languageName: node
  linkType: hard

"awesome-debounce-promise@npm:2.1.0":
  version: 2.1.0
  resolution: "awesome-debounce-promise@npm:2.1.0"
  dependencies:
    "@types/debounce-promise": ^3.1.1
    awesome-imperative-promise: ^1.0.1
    awesome-only-resolves-last-promise: ^1.0.3
    debounce-promise: ^3.1.0
  checksum: d8c30975e44b6391bb1f32d3847f7e77a0a00e1b300d81fd81b4802ee75c672ef7f97cd5a738657b50ebcd58121b208f32cbceb030faa925290781d90eaedbc3
  languageName: node
  linkType: hard

"awesome-imperative-promise@npm:^1.0.1":
  version: 1.0.1
  resolution: "awesome-imperative-promise@npm:1.0.1"
  checksum: 3d134e51dd49efe89cebe3172c5a0fbbd802d7a1b166eaa0665bce5d1a8cb8c66b2d113d1a7f880f2c9150b07936164ab57cab4107749347a61ddc39d6d76e89
  languageName: node
  linkType: hard

"awesome-only-resolves-last-promise@npm:^1.0.3":
  version: 1.0.3
  resolution: "awesome-only-resolves-last-promise@npm:1.0.3"
  dependencies:
    awesome-imperative-promise: ^1.0.1
  checksum: 280666a502d473efbca1068b41a668bfe057bf83b324b071d9ba5d1435c53c837a0d7cf4e0b6404e363c45d64f8d534356e036488c0fe1e3c0b1caf06ca37314
  languageName: node
  linkType: hard

"debounce-promise@npm:^3.1.0":
  version: 3.1.2
  resolution: "debounce-promise@npm:3.1.2"
  checksum: 29bac4524c423cc852319d7455363909ea3d933a3b9e3eb1149d963cffc34c475fe37219d0bafc61af566500b5d663cba579bbad7ee4023bef06f8394ed900ad
  languageName: node
  linkType: hard

"polished@npm:^4.1.4":
  version: 4.3.1
  resolution: "polished@npm:4.3.1"
  dependencies:
    "@babel/runtime": ^7.17.8
  checksum: a6f863c23f1d2f3f5cda3427b5885c9fb9e83b036d681e24820b143c7df40d2685bebb01c0939767120a28e1183671ae17c93db82ac30b3c20942180bb153bc7
  languageName: node
  linkType: hard

"react-native-image-pan-zoom@npm:2.1.12":
  version: 2.1.12
  resolution: "react-native-image-pan-zoom@npm:2.1.12"
  peerDependencies:
    react: "*"
    react-native: "*"
  checksum: 826ed254d27b079cb985b63c65d0f504f11987b68ae71bac0e1c0e99dc24d5816fc9b8d053eb04737c60c018ad520a1e9c4b99af26952646ccabe9fc2b3bd64f
  languageName: node
  linkType: hard

"react-native-shadow-2@npm:6.0.3":
  version: 6.0.3
  resolution: "react-native-shadow-2@npm:6.0.3"
  dependencies:
    polished: ^4.1.4
  peerDependencies:
    react-native: "*"
    react-native-svg: ^12.1.0
  checksum: 5bce9ea58db330c8f46a476cb056a859ac52713021cc9594610519996289f98c6d025b7983f35929cb590dc74572be25ccf4beecd92e3a5dd7fcade11eb71fcf
  languageName: node
  linkType: hard

"regenerator-runtime@npm:^0.14.0":
  version: 0.14.1
  resolution: "regenerator-runtime@npm:0.14.1"
  checksum: 9f57c93277b5585d3c83b0cf76be47b473ae8c6d9142a46ce8b0291a04bb2cf902059f0f8445dcabb3fb7378e5fe4bb4ea1e008876343d42e46d3b484534ce38
  languageName: node
  linkType: hard

"ss-map@workspace:.":
  version: 0.0.0-use.local
  resolution: "ss-map@workspace:."
  dependencies:
    awesome-debounce-promise: 2.1.0
    react-native-image-pan-zoom: 2.1.12
    react-native-shadow-2: 6.0.3
  peerDependencies:
    react: "*"
    react-native: "*"
  languageName: unknown
  linkType: soft
